// !$*UTF8*$!
{
	archiveVersion = 1;
	classes = {
	};
	objectVersion = 46;
	objects = {

/* Begin PBXBuildFile section */
		13098980190F7D46003E3518 /* Foundation.framework in Frameworks */ = {isa = PBXBuildFile; fileRef = 1309897F190F7D46003E3518 /* Foundation.framework */; };
		13098982190F7D46003E3518 /* CoreGraphics.framework in Frameworks */ = {isa = PBXBuildFile; fileRef = 13098981190F7D46003E3518 /* CoreGraphics.framework */; };
		13098984190F7D46003E3518 /* UIKit.framework in Frameworks */ = {isa = PBXBuildFile; fileRef = 13098983190F7D46003E3518 /* UIKit.framework */; };
		1309898A190F7D46003E3518 /* InfoPlist.strings in Resources */ = {isa = PBXBuildFile; fileRef = 13098988190F7D46003E3518 /* InfoPlist.strings */; };
		1309898C190F7D46003E3518 /* main.m in Sources */ = {isa = PBXBuildFile; fileRef = 1309898B190F7D46003E3518 /* main.m */; };
		13098990190F7D46003E3518 /* AppDelegate.m in Sources */ = {isa = PBXBuildFile; fileRef = 1309898F190F7D46003E3518 /* AppDelegate.m */; };
		13098993190F7D46003E3518 /* Main.storyboard in Resources */ = {isa = PBXBuildFile; fileRef = 13098991190F7D46003E3518 /* Main.storyboard */; };
		13098996190F7D46003E3518 /* MasterViewController.m in Sources */ = {isa = PBXBuildFile; fileRef = 13098995190F7D46003E3518 /* MasterViewController.m */; };
		13098999190F7D46003E3518 /* DetailViewController.m in Sources */ = {isa = PBXBuildFile; fileRef = 13098998190F7D46003E3518 /* DetailViewController.m */; };
		1309899B190F7D46003E3518 /* Images.xcassets in Resources */ = {isa = PBXBuildFile; fileRef = 1309899A190F7D46003E3518 /* Images.xcassets */; };
		130989A2190F7D46003E3518 /* XCTest.framework in Frameworks */ = {isa = PBXBuildFile; fileRef = 130989A1190F7D46003E3518 /* XCTest.framework */; };
		130989A3190F7D46003E3518 /* Foundation.framework in Frameworks */ = {isa = PBXBuildFile; fileRef = 1309897F190F7D46003E3518 /* Foundation.framework */; };
		130989A4190F7D46003E3518 /* UIKit.framework in Frameworks */ = {isa = PBXBuildFile; fileRef = 13098983190F7D46003E3518 /* UIKit.framework */; };
		130989AC190F7D46003E3518 /* InfoPlist.strings in Resources */ = {isa = PBXBuildFile; fileRef = 130989AA190F7D46003E3518 /* InfoPlist.strings */; };
		130989AE190F7D46003E3518 /* YourMarkTests.m in Sources */ = {isa = PBXBuildFile; fileRef = 130989AD190F7D46003E3518 /* YourMarkTests.m */; };
/* End PBXBuildFile section */

/* Begin PBXContainerItemProxy section */
		130989A5190F7D46003E3518 /* PBXContainerItemProxy */ = {
			isa = PBXContainerItemProxy;
			containerPortal = 13098974190F7D46003E3518 /* Project object */;
			proxyType = 1;
			remoteGlobalIDString = 1309897B190F7D46003E3518;
			remoteInfo = YourMark;
		};
/* End PBXContainerItemProxy section */

/* Begin PBXFileReference section */
		1309897C190F7D46003E3518 /* YourMark.app */ = {isa = PBXFileReference; explicitFileType = wrapper.application; includeInIndex = 0; path = YourMark.app; sourceTree = BUILT_PRODUCTS_DIR; };
		1309897F190F7D46003E3518 /* Foundation.framework */ = {isa = PBXFileReference; lastKnownFileType = wrapper.framework; name = Foundation.framework; path = System/Library/Frameworks/Foundation.framework; sourceTree = SDKROOT; };
		13098981190F7D46003E3518 /* CoreGraphics.framework */ = {isa = PBXFileReference; lastKnownFileType = wrapper.framework; name = CoreGraphics.framework; path = System/Library/Frameworks/CoreGraphics.framework; sourceTree = SDKROOT; };
		13098983190F7D46003E3518 /* UIKit.framework */ = {isa = PBXFileReference; lastKnownFileType = wrapper.framework; name = UIKit.framework; path = System/Library/Frameworks/UIKit.framework; sourceTree = SDKROOT; };
		13098987190F7D46003E3518 /* YourMark-Info.plist */ = {isa = PBXFileReference; lastKnownFileType = text.plist.xml; path = "YourMark-Info.plist"; sourceTree = "<group>"; };
		13098989190F7D46003E3518 /* en */ = {isa = PBXFileReference; lastKnownFileType = text.plist.strings; name = en; path = en.lproj/InfoPlist.strings; sourceTree = "<group>"; };
		1309898B190F7D46003E3518 /* main.m */ = {isa = PBXFileReference; lastKnownFileType = sourcecode.c.objc; path = main.m; sourceTree = "<group>"; };
		1309898D190F7D46003E3518 /* YourMark-Prefix.pch */ = {isa = PBXFileReference; lastKnownFileType = sourcecode.c.h; path = "YourMark-Prefix.pch"; sourceTree = "<group>"; };
		1309898E190F7D46003E3518 /* AppDelegate.h */ = {isa = PBXFileReference; lastKnownFileType = sourcecode.c.h; path = AppDelegate.h; sourceTree = "<group>"; };
		1309898F190F7D46003E3518 /* AppDelegate.m */ = {isa = PBXFileReference; lastKnownFileType = sourcecode.c.objc; path = AppDelegate.m; sourceTree = "<group>"; };
		13098992190F7D46003E3518 /* Base */ = {isa = PBXFileReference; lastKnownFileType = file.storyboard; name = Base; path = Base.lproj/Main.storyboard; sourceTree = "<group>"; };
		13098994190F7D46003E3518 /* MasterViewController.h */ = {isa = PBXFileReference; lastKnownFileType = sourcecode.c.h; path = MasterViewController.h; sourceTree = "<group>"; };
		13098995190F7D46003E3518 /* MasterViewController.m */ = {isa = PBXFileReference; lastKnownFileType = sourcecode.c.objc; path = MasterViewController.m; sourceTree = "<group>"; };
		13098997190F7D46003E3518 /* DetailViewController.h */ = {isa = PBXFileReference; lastKnownFileType = sourcecode.c.h; path = DetailViewController.h; sourceTree = "<group>"; };
		13098998190F7D46003E3518 /* DetailViewController.m */ = {isa = PBXFileReference; lastKnownFileType = sourcecode.c.objc; path = DetailViewController.m; sourceTree = "<group>"; };
		1309899A190F7D46003E3518 /* Images.xcassets */ = {isa = PBXFileReference; lastKnownFileType = folder.assetcatalog; path = Images.xcassets; sourceTree = "<group>"; };
		130989A0190F7D46003E3518 /* YourMarkTests.xctest */ = {isa = PBXFileReference; explicitFileType = wrapper.cfbundle; includeInIndex = 0; path = YourMarkTests.xctest; sourceTree = BUILT_PRODUCTS_DIR; };
		130989A1190F7D46003E3518 /* XCTest.framework */ = {isa = PBXFileReference; lastKnownFileType = wrapper.framework; name = XCTest.framework; path = Library/Frameworks/XCTest.framework; sourceTree = DEVELOPER_DIR; };
		130989A9190F7D46003E3518 /* YourMarkTests-Info.plist */ = {isa = PBXFileReference; lastKnownFileType = text.plist.xml; path = "YourMarkTests-Info.plist"; sourceTree = "<group>"; };
		130989AB190F7D46003E3518 /* en */ = {isa = PBXFileReference; lastKnownFileType = text.plist.strings; name = en; path = en.lproj/InfoPlist.strings; sourceTree = "<group>"; };
		130989AD190F7D46003E3518 /* YourMarkTests.m */ = {isa = PBXFileReference; lastKnownFileType = sourcecode.c.objc; path = YourMarkTests.m; sourceTree = "<group>"; };
/* End PBXFileReference section */

/* Begin PBXFrameworksBuildPhase section */
		13098979190F7D46003E3518 /* Frameworks */ = {
			isa = PBXFrameworksBuildPhase;
			buildActionMask = 2147483647;
			files = (
				13098982190F7D46003E3518 /* CoreGraphics.framework in Frameworks */,
				13098984190F7D46003E3518 /* UIKit.framework in Frameworks */,
				13098980190F7D46003E3518 /* Foundation.framework in Frameworks */,
			);
			runOnlyForDeploymentPostprocessing = 0;
		};
		1309899D190F7D46003E3518 /* Frameworks */ = {
			isa = PBXFrameworksBuildPhase;
			buildActionMask = 2147483647;
			files = (
				130989A2190F7D46003E3518 /* XCTest.framework in Frameworks */,
				130989A4190F7D46003E3518 /* UIKit.framework in Frameworks */,
				130989A3190F7D46003E3518 /* Foundation.framework in Frameworks */,
			);
			runOnlyForDeploymentPostprocessing = 0;
		};
/* End PBXFrameworksBuildPhase section */

/* Begin PBXGroup section */
		13098973190F7D46003E3518 = {
			isa = PBXGroup;
			children = (
				13098985190F7D46003E3518 /* YourMark */,
				130989A7190F7D46003E3518 /* YourMarkTests */,
				1309897E190F7D46003E3518 /* Frameworks */,
				1309897D190F7D46003E3518 /* Products */,
			);
			sourceTree = "<group>";
		};
		1309897D190F7D46003E3518 /* Products */ = {
			isa = PBXGroup;
			children = (
				1309897C190F7D46003E3518 /* YourMark.app */,
				130989A0190F7D46003E3518 /* YourMarkTests.xctest */,
			);
			name = Products;
			sourceTree = "<group>";
		};
		1309897E190F7D46003E3518 /* Frameworks */ = {
			isa = PBXGroup;
			children = (
				1309897F190F7D46003E3518 /* Foundation.framework */,
				13098981190F7D46003E3518 /* CoreGraphics.framework */,
				13098983190F7D46003E3518 /* UIKit.framework */,
				130989A1190F7D46003E3518 /* XCTest.framework */,
			);
			name = Frameworks;
			sourceTree = "<group>";
		};
		13098985190F7D46003E3518 /* YourMark */ = {
			isa = PBXGroup;
			children = (
				1309898E190F7D46003E3518 /* AppDelegate.h */,
				1309898F190F7D46003E3518 /* AppDelegate.m */,
				13098991190F7D46003E3518 /* Main.storyboard */,
				13098994190F7D46003E3518 /* MasterViewController.h */,
				13098995190F7D46003E3518 /* MasterViewController.m */,
				13098997190F7D46003E3518 /* DetailViewController.h */,
				13098998190F7D46003E3518 /* DetailViewController.m */,
				1309899A190F7D46003E3518 /* Images.xcassets */,
				13098986190F7D46003E3518 /* Supporting Files */,
			);
			path = YourMark;
			sourceTree = "<group>";
		};
		13098986190F7D46003E3518 /* Supporting Files */ = {
			isa = PBXGroup;
			children = (
				13098987190F7D46003E3518 /* YourMark-Info.plist */,
				13098988190F7D46003E3518 /* InfoPlist.strings */,
				1309898B190F7D46003E3518 /* main.m */,
				1309898D190F7D46003E3518 /* YourMark-Prefix.pch */,
			);
			name = "Supporting Files";
			sourceTree = "<group>";
		};
		130989A7190F7D46003E3518 /* YourMarkTests */ = {
			isa = PBXGroup;
			children = (
				130989AD190F7D46003E3518 /* YourMarkTests.m */,
				130989A8190F7D46003E3518 /* Supporting Files */,
			);
			path = YourMarkTests;
			sourceTree = "<group>";
		};
		130989A8190F7D46003E3518 /* Supporting Files */ = {
			isa = PBXGroup;
			children = (
				130989A9190F7D46003E3518 /* YourMarkTests-Info.plist */,
				130989AA190F7D46003E3518 /* InfoPlist.strings */,
			);
			name = "Supporting Files";
			sourceTree = "<group>";
		};
/* End PBXGroup section */

/* Begin PBXNativeTarget section */
		1309897B190F7D46003E3518 /* YourMark */ = {
			isa = PBXNativeTarget;
			buildConfigurationList = 130989B1190F7D46003E3518 /* Build configuration list for PBXNativeTarget "YourMark" */;
			buildPhases = (
				13098978190F7D46003E3518 /* Sources */,
				13098979190F7D46003E3518 /* Frameworks */,
				1309897A190F7D46003E3518 /* Resources */,
			);
			buildRules = (
			);
			dependencies = (
			);
			name = YourMark;
			productName = YourMark;
			productReference = 1309897C190F7D46003E3518 /* YourMark.app */;
			productType = "com.apple.product-type.application";
		};
		1309899F190F7D46003E3518 /* YourMarkTests */ = {
			isa = PBXNativeTarget;
			buildConfigurationList = 130989B4190F7D46003E3518 /* Build configuration list for PBXNativeTarget "YourMarkTests" */;
			buildPhases = (
				1309899C190F7D46003E3518 /* Sources */,
				1309899D190F7D46003E3518 /* Frameworks */,
				1309899E190F7D46003E3518 /* Resources */,
			);
			buildRules = (
			);
			dependencies = (
				130989A6190F7D46003E3518 /* PBXTargetDependency */,
			);
			name = YourMarkTests;
			productName = YourMarkTests;
			productReference = 130989A0190F7D46003E3518 /* YourMarkTests.xctest */;
			productType = "com.apple.product-type.bundle.unit-test";
		};
/* End PBXNativeTarget section */

/* Begin PBXProject section */
		13098974190F7D46003E3518 /* Project object */ = {
			isa = PBXProject;
			attributes = {
				LastUpgradeCheck = 0510;
				ORGANIZATIONNAME = "LumberMill, Inc.";
				TargetAttributes = {
					1309899F190F7D46003E3518 = {
						TestTargetID = 1309897B190F7D46003E3518;
					};
				};
			};
			buildConfigurationList = 13098977190F7D46003E3518 /* Build configuration list for PBXProject "YourMark" */;
			compatibilityVersion = "Xcode 3.2";
			developmentRegion = English;
			hasScannedForEncodings = 0;
			knownRegions = (
				en,
				Base,
			);
			mainGroup = 13098973190F7D46003E3518;
			productRefGroup = 1309897D190F7D46003E3518 /* Products */;
			projectDirPath = "";
			projectRoot = "";
			targets = (
				1309897B190F7D46003E3518 /* YourMark */,
				1309899F190F7D46003E3518 /* YourMarkTests */,
			);
		};
/* End PBXProject section */

/* Begin PBXResourcesBuildPhase section */
		1309897A190F7D46003E3518 /* Resources */ = {
			isa = PBXResourcesBuildPhase;
			buildActionMask = 2147483647;
			files = (
				1309899B190F7D46003E3518 /* Images.xcassets in Resources */,
				1309898A190F7D46003E3518 /* InfoPlist.strings in Resources */,
				13098993190F7D46003E3518 /* Main.storyboard in Resources */,
			);
			runOnlyForDeploymentPostprocessing = 0;
		};
		1309899E190F7D46003E3518 /* Resources */ = {
			isa = PBXResourcesBuildPhase;
			buildActionMask = 2147483647;
			files = (
				130989AC190F7D46003E3518 /* InfoPlist.strings in Resources */,
			);
			runOnlyForDeploymentPostprocessing = 0;
		};
/* End PBXResourcesBuildPhase section */

/* Begin PBXSourcesBuildPhase section */
		13098978190F7D46003E3518 /* Sources */ = {
			isa = PBXSourcesBuildPhase;
			buildActionMask = 2147483647;
			files = (
				13098990190F7D46003E3518 /* AppDelegate.m in Sources */,
				13098996190F7D46003E3518 /* MasterViewController.m in Sources */,
				1309898C190F7D46003E3518 /* main.m in Sources */,
				13098999190F7D46003E3518 /* DetailViewController.m in Sources */,
			);
			runOnlyForDeploymentPostprocessing = 0;
		};
		1309899C190F7D46003E3518 /* Sources */ = {
			isa = PBXSourcesBuildPhase;
			buildActionMask = 2147483647;
			files = (
				130989AE190F7D46003E3518 /* YourMarkTests.m in Sources */,
			);
			runOnlyForDeploymentPostprocessing = 0;
		};
/* End PBXSourcesBuildPhase section */

/* Begin PBXTargetDependency section */
		130989A6190F7D46003E3518 /* PBXTargetDependency */ = {
			isa = PBXTargetDependency;
			target = 1309897B190F7D46003E3518 /* YourMark */;
			targetProxy = 130989A5190F7D46003E3518 /* PBXContainerItemProxy */;
		};
/* End PBXTargetDependency section */

/* Begin PBXVariantGroup section */
		13098988190F7D46003E3518 /* InfoPlist.strings */ = {
			isa = PBXVariantGroup;
			children = (
				13098989190F7D46003E3518 /* en */,
			);
			name = InfoPlist.strings;
			sourceTree = "<group>";
		};
		13098991190F7D46003E3518 /* Main.storyboard */ = {
			isa = PBXVariantGroup;
			children = (
				13098992190F7D46003E3518 /* Base */,
			);
			name = Main.storyboard;
			sourceTree = "<group>";
		};
		130989AA190F7D46003E3518 /* InfoPlist.strings */ = {
			isa = PBXVariantGroup;
			children = (
				130989AB190F7D46003E3518 /* en */,
			);
			name = InfoPlist.strings;
			sourceTree = "<group>";
		};
/* End PBXVariantGroup section */

/* Begin XCBuildConfiguration section */
		130989AF190F7D46003E3518 /* Debug */ = {
			isa = XCBuildConfiguration;
			buildSettings = {
				ALWAYS_SEARCH_USER_PATHS = NO;
				CLANG_CXX_LANGUAGE_STANDARD = "gnu++0x";
				CLANG_CXX_LIBRARY = "libc++";
				CLANG_ENABLE_MODULES = YES;
				CLANG_ENABLE_OBJC_ARC = YES;
				CLANG_WARN_BOOL_CONVERSION = YES;
				CLANG_WARN_CONSTANT_CONVERSION = YES;
				CLANG_WARN_DIRECT_OBJC_ISA_USAGE = YES_ERROR;
				CLANG_WARN_EMPTY_BODY = YES;
				CLANG_WARN_ENUM_CONVERSION = YES;
				CLANG_WARN_INT_CONVERSION = YES;
				CLANG_WARN_OBJC_ROOT_CLASS = YES_ERROR;
				CLANG_WARN__DUPLICATE_METHOD_MATCH = YES;
				"CODE_SIGN_IDENTITY[sdk=iphoneos*]" = "iPhone Developer";
				COPY_PHASE_STRIP = NO;
				GCC_C_LANGUAGE_STANDARD = gnu99;
				GCC_DYNAMIC_NO_PIC = NO;
				GCC_OPTIMIZATION_LEVEL = 0;
				GCC_PREPROCESSOR_DEFINITIONS = (
					"DEBUG=1",
					"$(inherited)",
				);
				GCC_SYMBOLS_PRIVATE_EXTERN = NO;
				GCC_WARN_64_TO_32_BIT_CONVERSION = YES;
				GCC_WARN_ABOUT_RETURN_TYPE = YES_ERROR;
				GCC_WARN_UNDECLARED_SELECTOR = YES;
				GCC_WARN_UNINITIALIZED_AUTOS = YES_AGGRESSIVE;
				GCC_WARN_UNUSED_FUNCTION = YES;
				GCC_WARN_UNUSED_VARIABLE = YES;
				IPHONEOS_DEPLOYMENT_TARGET = 7.1;
				ONLY_ACTIVE_ARCH = YES;
				SDKROOT = iphoneos;
			};
			name = Debug;
		};
		130989B0190F7D46003E3518 /* Release */ = {
			isa = XCBuildConfiguration;
			buildSettings = {
				ALWAYS_SEARCH_USER_PATHS = NO;
				CLANG_CXX_LANGUAGE_STANDARD = "gnu++0x";
				CLANG_CXX_LIBRARY = "libc++";
				CLANG_ENABLE_MODULES = YES;
				CLANG_ENABLE_OBJC_ARC = YES;
				CLANG_WARN_BOOL_CONVERSION = YES;
				CLANG_WARN_CONSTANT_CONVERSION = YES;
				CLANG_WARN_DIRECT_OBJC_ISA_USAGE = YES_ERROR;
				CLANG_WARN_EMPTY_BODY = YES;
				CLANG_WARN_ENUM_CONVERSION = YES;
				CLANG_WARN_INT_CONVERSION = YES;
				CLANG_WARN_OBJC_ROOT_CLASS = YES_ERROR;
				CLANG_WARN__DUPLICATE_METHOD_MATCH = YES;
				"CODE_SIGN_IDENTITY[sdk=iphoneos*]" = "iPhone Developer";
				COPY_PHASE_STRIP = YES;
				ENABLE_NS_ASSERTIONS = NO;
				GCC_C_LANGUAGE_STANDARD = gnu99;
				GCC_WARN_64_TO_32_BIT_CONVERSION = YES;
				GCC_WARN_ABOUT_RETURN_TYPE = YES_ERROR;
				GCC_WARN_UNDECLARED_SELECTOR = YES;
				GCC_WARN_UNINITIALIZED_AUTOS = YES_AGGRESSIVE;
				GCC_WARN_UNUSED_FUNCTION = YES;
				GCC_WARN_UNUSED_VARIABLE = YES;
				IPHONEOS_DEPLOYMENT_TARGET = 7.1;
				SDKROOT = iphoneos;
				VALIDATE_PRODUCT = YES;
			};
			name = Release;
		};
		130989B2190F7D46003E3518 /* Debug */ = {
			isa = XCBuildConfiguration;
			buildSettings = {
				ASSETCATALOG_COMPILER_APPICON_NAME = AppIcon;
				ASSETCATALOG_COMPILER_LAUNCHIMAGE_NAME = LaunchImage;
				GCC_PRECOMPILE_PREFIX_HEADER = YES;
				GCC_PREFIX_HEADER = "YourMark/YourMark-Prefix.pch";
				INFOPLIST_FILE = "YourMark/YourMark-Info.plist";
				PRODUCT_NAME = "$(TARGET_NAME)";
				WRAPPER_EXTENSION = app;
			};
			name = Debug;
		};
		130989B3190F7D46003E3518 /* Release */ = {
			isa = XCBuildConfiguration;
			buildSettings = {
				ASSETCATALOG_COMPILER_APPICON_NAME = AppIcon;
				ASSETCATALOG_COMPILER_LAUNCHIMAGE_NAME = LaunchImage;
				GCC_PRECOMPILE_PREFIX_HEADER = YES;
				GCC_PREFIX_HEADER = "YourMark/YourMark-Prefix.pch";
				INFOPLIST_FILE = "YourMark/YourMark-Info.plist";
				PRODUCT_NAME = "$(TARGET_NAME)";
				WRAPPER_EXTENSION = app;
			};
			name = Release;
		};
		130989B5190F7D46003E3518 /* Debug */ = {
			isa = XCBuildConfiguration;
			buildSettings = {
				BUNDLE_LOADER = "$(BUILT_PRODUCTS_DIR)/YourMark.app/YourMark";
				FRAMEWORK_SEARCH_PATHS = (
					"$(SDKROOT)/Developer/Library/Frameworks",
					"$(inherited)",
					"$(DEVELOPER_FRAMEWORKS_DIR)",
				);
				GCC_PRECOMPILE_PREFIX_HEADER = YES;
				GCC_PREFIX_HEADER = "YourMark/YourMark-Prefix.pch";
				GCC_PREPROCESSOR_DEFINITIONS = (
					"DEBUG=1",
					"$(inherited)",
				);
				INFOPLIST_FILE = "YourMarkTests/YourMarkTests-Info.plist";
				PRODUCT_NAME = "$(TARGET_NAME)";
				TEST_HOST = "$(BUNDLE_LOADER)";
				WRAPPER_EXTENSION = xctest;
			};
			name = Debug;
		};
		130989B6190F7D46003E3518 /* Release */ = {
			isa = XCBuildConfiguration;
			buildSettings = {
				BUNDLE_LOADER = "$(BUILT_PRODUCTS_DIR)/YourMark.app/YourMark";
				FRAMEWORK_SEARCH_PATHS = (
					"$(SDKROOT)/Developer/Library/Frameworks",
					"$(inherited)",
					"$(DEVELOPER_FRAMEWORKS_DIR)",
				);
				GCC_PRECOMPILE_PREFIX_HEADER = YES;
				GCC_PREFIX_HEADER = "YourMark/YourMark-Prefix.pch";
				INFOPLIST_FILE = "YourMarkTests/YourMarkTests-Info.plist";
				PRODUCT_NAME = "$(TARGET_NAME)";
				TEST_HOST = "$(BUNDLE_LOADER)";
				WRAPPER_EXTENSION = xctest;
			};
			name = Release;
		};
/* End XCBuildConfiguration section */

/* Begin XCConfigurationList section */
		13098977190F7D46003E3518 /* Build configuration list for PBXProject "YourMark" */ = {
			isa = XCConfigurationList;
			buildConfigurations = (
				130989AF190F7D46003E3518 /* Debug */,
				130989B0190F7D46003E3518 /* Release */,
			);
			defaultConfigurationIsVisible = 0;
			defaultConfigurationName = Release;
		};
		130989B1190F7D46003E3518 /* Build configuration list for PBXNativeTarget "YourMark" */ = {
			isa = XCConfigurationList;
			buildConfigurations = (
				130989B2190F7D46003E3518 /* Debug */,
				130989B3190F7D46003E3518 /* Release */,
			);
			defaultConfigurationIsVisible = 0;
		};
		130989B4190F7D46003E3518 /* Build configuration list for PBXNativeTarget "YourMarkTests" */ = {
			isa = XCConfigurationList;
			buildConfigurations = (
				130989B5190F7D46003E3518 /* Debug */,
				130989B6190F7D46003E3518 /* Release */,
			);
			defaultConfigurationIsVisible = 0;
		};
/* End XCConfigurationList section */
	};
	rootObject = 13098974190F7D46003E3518 /* Project object */;
}
